{
  "name": "js",
  "lockfileVersion": 2,
  "requires": true,
  "packages": {
    "": {
      "dependencies": {
        "chess.js": "^1.0.0-beta.6",
        "dotenv": "^16.3.1",
        "yalls": "file:../../yalls"
      }
    },
    "../../yalls": {
      "version": "0.6.1",
      "license": "MIT",
      "dependencies": {
        "yaclc": "^1.0.0"
      },
      "devDependencies": {
        "@babel/eslint-parser": "^7.19.1",
        "@babel/preset-env": "^7.20.2",
        "chai": "^4.3.7",
        "eslint": "^8.30.0",
        "eslint-plugin-jsdoc": "^39.6.4",
        "eslint-plugin-node": "^11.1.0",
        "jsdoc-to-markdown": "^8.0.0",
        "mocha": "^10.2.0"
      },
      "engines": {
        "node": ">=16"
      }
    },
    "node_modules/chess.js": {
      "version": "1.0.0-beta.6",
      "resolved": "https://registry.npmjs.org/chess.js/-/chess.js-1.0.0-beta.6.tgz",
      "integrity": "sha512-sqBfX1VL3csSyqVM5ogbKA+aRlZyWDh276ruWXphwI0lDUMs7iYjZs29BOi49f7mXeunJE7cdfnIZhihsyLnsA=="
    },
    "node_modules/dotenv": {
      "version": "16.3.1",
      "resolved": "https://registry.npmjs.org/dotenv/-/dotenv-16.3.1.tgz",
      "integrity": "sha512-IPzF4w4/Rd94bA9imS68tZBaYyBWSCE47V1RGuMrB94iyTOIEwRmVL2x/4An+6mETpLrKJ5hQkB8W4kFAadeIQ==",
      "engines": {
        "node": ">=12"
      },
      "funding": {
        "url": "https://github.com/motdotla/dotenv?sponsor=1"
      }
    },
    "node_modules/yalls": {
      "resolved": "../../yalls",
      "link": true
    }
  },
  "dependencies": {
    "chess.js": {
      "version": "1.0.0-beta.6",
      "resolved": "https://registry.npmjs.org/chess.js/-/chess.js-1.0.0-beta.6.tgz",
      "integrity": "sha512-sqBfX1VL3csSyqVM5ogbKA+aRlZyWDh276ruWXphwI0lDUMs7iYjZs29BOi49f7mXeunJE7cdfnIZhihsyLnsA=="
    },
    "dotenv": {
      "version": "16.3.1",
      "resolved": "https://registry.npmjs.org/dotenv/-/dotenv-16.3.1.tgz",
      "integrity": "sha512-IPzF4w4/Rd94bA9imS68tZBaYyBWSCE47V1RGuMrB94iyTOIEwRmVL2x/4An+6mETpLrKJ5hQkB8W4kFAadeIQ=="
    },
    "yalls": {
      "version": "file:../../yalls",
      "requires": {
        "@babel/eslint-parser": "^7.19.1",
        "@babel/preset-env": "^7.20.2",
        "chai": "^4.3.7",
        "eslint": "^8.30.0",
        "eslint-plugin-jsdoc": "^39.6.4",
        "eslint-plugin-node": "^11.1.0",
        "jsdoc-to-markdown": "^8.0.0",
        "mocha": "^10.2.0",
        "yaclc": "^1.0.0"
      }
    }
  }
}
